<Solution>
  <Project Path="../../../../../../../../BarClip.Main/repos/BarClipApi/BarClip.Api/BarClip.Api.csproj" />
  <Project Path="../../../../../../../../BarClip.Main/repos/BarClipApi/BarClip.Core/BarClip.Core.csproj" />
  <Project Path="../../../../../../../../BarClip.Main/repos/BarClipApi/BarClip.Data/BarClip.Data.csproj" />
  <Project Path="../../../../../../../../BarClip.Main/repos/BarClipApi/BarClip.Models/BarClip.Models.csproj" />
  <Project Path="../../../../../../../../BarClip.Main/repos/BarClipApi/BarClipFunction/BarClipFunction.csproj" />
</Solution>
