<Solution>
  <Project Path="BarClipApi.Api/BarClipApi.Api.csproj" />
  <Project Path="BarClipApi.Core/BarClipApi.Core.csproj" />
  <Project Path="BarClipApi.Data/BarClipApi.Data.csproj" />
  <Project Path="BarClipApi.Function/BarClipApi.Function.csproj" />
  <Project Path="BarClipApi.Models/BarClipApi.Models.csproj" />
</Solution>
