<Solution>
  <Project Path="BarClip.Api/BarClipApi.Api.csproj" />
  <Project Path="BarClip.Core/BarClipApi.Core.csproj" />
  <Project Path="BarClip.Data/BarClipApi.Data.csproj" />
  <Project Path="BarClip.Models/BarClipApi.Models.csproj" />
  <Project Path="BarClipFunction/BarClipApi.Function.csproj" />
</Solution>
